
Microsoft Visual Studio Solution File, Format Version 12.00
# Visual Studio Version 16
VisualStudioVersion = 16.0.29318.209
MinimumVisualStudioVersion = 10.0.40219.1
Project("{FAE04EC0-301F-11D3-BF4B-00C04F79EFBC}") = "TestConsole", "ConsoleApplication1\TestConsole.csproj", "{C3879E81-8AA8-4637-A837-81DA4B09A740}"
EndProject
Project("{FAE04EC0-301F-11D3-BF4B-00C04F79EFBC}") = "DataParallel", "DataParallel\DataParallel.csproj", "{76938884-DF79-47EF-8659-FFD52B1D8EEB}"
EndProject
Project("{FAE04EC0-301F-11D3-BF4B-00C04F79EFBC}") = "TaskBasedAsyncProgramming", "TaskBasedAsyncProgramming\TaskBasedAsyncProgramming.csproj", "{D09F5BA2-242B-4C1E-807D-F3A618FD3F8A}"
EndProject
Project("{FAE04EC0-301F-11D3-BF4B-00C04F79EFBC}") = "XMLToSql", "XMLToSql\XMLToSql.csproj", "{93A1A479-7334-400A-AD24-C1864AD90D14}"
EndProject
Project("{FAE04EC0-301F-11D3-BF4B-00C04F79EFBC}") = "ProgrammingRuleSummary", "ProgrammingRuleSummary\ProgrammingRuleSummary.csproj", "{0E841ACD-C76D-43C0-A1B9-B3E385DCAF7F}"
EndProject
Project("{FAE04EC0-301F-11D3-BF4B-00C04F79EFBC}") = "TaskParallelLibraryDataflow", "TaskParallelLibraryDataflow\TaskParallelLibraryDataflow.csproj", "{A984A28A-239D-43C4-AC8D-DD11B5296E61}"
EndProject
Project("{FAE04EC0-301F-11D3-BF4B-00C04F79EFBC}") = "ClassToSql", "ClassToSql\ClassToSql.csproj", "{7CBA452B-0CCC-4B5D-97D4-155B9F3DEDB3}"
EndProject
Project("{FAE04EC0-301F-11D3-BF4B-00C04F79EFBC}") = "ErrorHandlerService", "ErrorHandlerService\ErrorHandlerService.csproj", "{DBE0B69A-7EBA-4F79-80D8-0538EABF4AEE}"
EndProject
Project("{FAE04EC0-301F-11D3-BF4B-00C04F79EFBC}") = "EntityFrameworkTest", "EntityFrameworkTest\EntityFrameworkTest.csproj", "{4CC17780-A87E-4C61-A0FC-856AF2093073}"
EndProject
Project("{FAE04EC0-301F-11D3-BF4B-00C04F79EFBC}") = "StackExchangeRedisTest", "StackExchange.Redis\StackExchangeRedisTest.csproj", "{E5A83502-DD4D-49CB-A99A-5E9E4F331AD0}"
EndProject
Project("{FAE04EC0-301F-11D3-BF4B-00C04F79EFBC}") = "ADONetTest", "ADONetTest\ADONetTest.csproj", "{8DBFFA34-019D-4010-8D15-73C80BEB47BF}"
EndProject
Project("{9A19103F-16F7-4668-BE54-9A1E7A4F7556}") = "ZooKeeperTest", "ZooKeeperTest\ZooKeeperTest.csproj", "{8519D4F5-3F30-4EF4-9AF0-E423FDF74BFC}"
EndProject
Project("{2150E333-8FDC-42A3-9474-1A3956D46DE8}") = "RemoteProduceCallTest", "RemoteProduceCallTest", "{BC47207D-AF17-43E0-8A86-5026180A219E}"
EndProject
Project("{FAE04EC0-301F-11D3-BF4B-00C04F79EFBC}") = "rpcClient", "rpcClient\rpcClient.csproj", "{B37EA434-C280-42B1-9414-877CD47F50D4}"
EndProject
Project("{FAE04EC0-301F-11D3-BF4B-00C04F79EFBC}") = "rpcServer", "rpcServer\rpcServer.csproj", "{FBEA7F53-6B17-4CED-8B99-79333149F293}"
EndProject
Project("{FAE04EC0-301F-11D3-BF4B-00C04F79EFBC}") = "DelegateAndEvent", "DelegateAndEvent\DelegateAndEvent.csproj", "{E1A5C6BD-5804-4398-AFEA-4684257CC834}"
EndProject
Project("{FAE04EC0-301F-11D3-BF4B-00C04F79EFBC}") = "WordTest", "WordTest\WordTest.csproj", "{71DA65EF-1E68-4002-A2C9-9275005BBEEB}"
EndProject
Project("{2150E333-8FDC-42A3-9474-1A3956D46DE8}") = "dotNetCoreTest", "dotNetCoreTest", "{1AE69541-D081-4F4A-8099-815E51469C1E}"
EndProject
Project("{2150E333-8FDC-42A3-9474-1A3956D46DE8}") = "SocketProgramming", "SocketProgramming", "{E5127461-E336-4718-832D-B6CE4A44D883}"
EndProject
Project("{9A19103F-16F7-4668-BE54-9A1E7A4F7556}") = "dotNetCoreSocketConsole", "dotNetCoreSocketConsole\dotNetCoreSocketConsole.csproj", "{CC698DF3-AB45-414D-9060-5CD28E8B4DA8}"
EndProject
Project("{2150E333-8FDC-42A3-9474-1A3956D46DE8}") = "RabbitMqTest", "RabbitMqTest", "{4DDEBD08-616C-47FB-AA48-78C94B3B374E}"
EndProject
Project("{9A19103F-16F7-4668-BE54-9A1E7A4F7556}") = "RabbitmqTest.ClientA", "RabbitmqTest.ClientA\RabbitmqTest.ClientA.csproj", "{E49B24C6-98FB-4555-B2FE-B62A18C0E38E}"
EndProject
Project("{9A19103F-16F7-4668-BE54-9A1E7A4F7556}") = "RabbitmqTest.ClientB", "RabbitmqTest.ClientB\RabbitmqTest.ClientB.csproj", "{8E9C4188-5DCD-4192-A1FF-8B82A9BEE46E}"
EndProject
Project("{2150E333-8FDC-42A3-9474-1A3956D46DE8}") = "Basic", "Basic", "{EC7E85B0-F768-4E73-B0DB-9FB6DE1E33CB}"
EndProject
Project("{2150E333-8FDC-42A3-9474-1A3956D46DE8}") = "WorkQueue", "WorkQueue", "{40EA8053-26B7-4AD7-B678-0622794F4B0A}"
EndProject
Project("{9A19103F-16F7-4668-BE54-9A1E7A4F7556}") = "Rabbitmq.WorkA", "Rabbitmq.WorkA\Rabbitmq.WorkA.csproj", "{D9216898-2CD7-4CA5-B6A5-94DF8B36F582}"
EndProject
Project("{9A19103F-16F7-4668-BE54-9A1E7A4F7556}") = "Rabbitmq.WorkB", "Rabbitmq.WorkB\Rabbitmq.WorkB.csproj", "{2FAAC2C9-AC4F-4B58-95A0-D940B04FF44C}"
EndProject
Project("{2150E333-8FDC-42A3-9474-1A3956D46DE8}") = "ClassConvertOverload", "ClassConvertOverload", "{FB00EA01-D9D1-4CE7-A412-9DEE2C6577F5}"
EndProject
Project("{9A19103F-16F7-4668-BE54-9A1E7A4F7556}") = "ClassConvertOverLoadConsole", "ClassConvertOverLoadConsole\ClassConvertOverLoadConsole.csproj", "{A85E3FF1-49B0-4B12-8639-98266FA74AB1}"
EndProject
Project("{2150E333-8FDC-42A3-9474-1A3956D46DE8}") = "MutilClassPropCombineTest", "MutilClassPropCombineTest", "{767C79E6-3C6C-4887-8524-84DF95B47C82}"
EndProject
Project("{FAE04EC0-301F-11D3-BF4B-00C04F79EFBC}") = "MutilClassPropCombine", "MutilClassPropCombine\MutilClassPropCombine.csproj", "{C1B52BCA-E43C-408E-8392-90B906FAE53D}"
EndProject
Global
	GlobalSection(SolutionConfigurationPlatforms) = preSolution
		Debug|Any CPU = Debug|Any CPU
		Release|Any CPU = Release|Any CPU
	EndGlobalSection
	GlobalSection(ProjectConfigurationPlatforms) = postSolution
		{C3879E81-8AA8-4637-A837-81DA4B09A740}.Debug|Any CPU.ActiveCfg = Debug|Any CPU
		{C3879E81-8AA8-4637-A837-81DA4B09A740}.Debug|Any CPU.Build.0 = Debug|Any CPU
		{C3879E81-8AA8-4637-A837-81DA4B09A740}.Release|Any CPU.ActiveCfg = Release|Any CPU
		{C3879E81-8AA8-4637-A837-81DA4B09A740}.Release|Any CPU.Build.0 = Release|Any CPU
		{76938884-DF79-47EF-8659-FFD52B1D8EEB}.Debug|Any CPU.ActiveCfg = Debug|Any CPU
		{76938884-DF79-47EF-8659-FFD52B1D8EEB}.Debug|Any CPU.Build.0 = Debug|Any CPU
		{76938884-DF79-47EF-8659-FFD52B1D8EEB}.Release|Any CPU.ActiveCfg = Release|Any CPU
		{76938884-DF79-47EF-8659-FFD52B1D8EEB}.Release|Any CPU.Build.0 = Release|Any CPU
		{D09F5BA2-242B-4C1E-807D-F3A618FD3F8A}.Debug|Any CPU.ActiveCfg = Debug|Any CPU
		{D09F5BA2-242B-4C1E-807D-F3A618FD3F8A}.Debug|Any CPU.Build.0 = Debug|Any CPU
		{D09F5BA2-242B-4C1E-807D-F3A618FD3F8A}.Release|Any CPU.ActiveCfg = Release|Any CPU
		{D09F5BA2-242B-4C1E-807D-F3A618FD3F8A}.Release|Any CPU.Build.0 = Release|Any CPU
		{93A1A479-7334-400A-AD24-C1864AD90D14}.Debug|Any CPU.ActiveCfg = Debug|Any CPU
		{93A1A479-7334-400A-AD24-C1864AD90D14}.Debug|Any CPU.Build.0 = Debug|Any CPU
		{93A1A479-7334-400A-AD24-C1864AD90D14}.Release|Any CPU.ActiveCfg = Release|Any CPU
		{93A1A479-7334-400A-AD24-C1864AD90D14}.Release|Any CPU.Build.0 = Release|Any CPU
		{0E841ACD-C76D-43C0-A1B9-B3E385DCAF7F}.Debug|Any CPU.ActiveCfg = Debug|Any CPU
		{0E841ACD-C76D-43C0-A1B9-B3E385DCAF7F}.Debug|Any CPU.Build.0 = Debug|Any CPU
		{0E841ACD-C76D-43C0-A1B9-B3E385DCAF7F}.Release|Any CPU.ActiveCfg = Release|Any CPU
		{0E841ACD-C76D-43C0-A1B9-B3E385DCAF7F}.Release|Any CPU.Build.0 = Release|Any CPU
		{A984A28A-239D-43C4-AC8D-DD11B5296E61}.Debug|Any CPU.ActiveCfg = Debug|Any CPU
		{A984A28A-239D-43C4-AC8D-DD11B5296E61}.Debug|Any CPU.Build.0 = Debug|Any CPU
		{A984A28A-239D-43C4-AC8D-DD11B5296E61}.Release|Any CPU.ActiveCfg = Release|Any CPU
		{A984A28A-239D-43C4-AC8D-DD11B5296E61}.Release|Any CPU.Build.0 = Release|Any CPU
		{7CBA452B-0CCC-4B5D-97D4-155B9F3DEDB3}.Debug|Any CPU.ActiveCfg = Debug|Any CPU
		{7CBA452B-0CCC-4B5D-97D4-155B9F3DEDB3}.Debug|Any CPU.Build.0 = Debug|Any CPU
		{7CBA452B-0CCC-4B5D-97D4-155B9F3DEDB3}.Release|Any CPU.ActiveCfg = Release|Any CPU
		{7CBA452B-0CCC-4B5D-97D4-155B9F3DEDB3}.Release|Any CPU.Build.0 = Release|Any CPU
		{DBE0B69A-7EBA-4F79-80D8-0538EABF4AEE}.Debug|Any CPU.ActiveCfg = Debug|Any CPU
		{DBE0B69A-7EBA-4F79-80D8-0538EABF4AEE}.Debug|Any CPU.Build.0 = Debug|Any CPU
		{DBE0B69A-7EBA-4F79-80D8-0538EABF4AEE}.Release|Any CPU.ActiveCfg = Release|Any CPU
		{DBE0B69A-7EBA-4F79-80D8-0538EABF4AEE}.Release|Any CPU.Build.0 = Release|Any CPU
		{4CC17780-A87E-4C61-A0FC-856AF2093073}.Debug|Any CPU.ActiveCfg = Debug|Any CPU
		{4CC17780-A87E-4C61-A0FC-856AF2093073}.Debug|Any CPU.Build.0 = Debug|Any CPU
		{4CC17780-A87E-4C61-A0FC-856AF2093073}.Release|Any CPU.ActiveCfg = Release|Any CPU
		{4CC17780-A87E-4C61-A0FC-856AF2093073}.Release|Any CPU.Build.0 = Release|Any CPU
		{E5A83502-DD4D-49CB-A99A-5E9E4F331AD0}.Debug|Any CPU.ActiveCfg = Debug|Any CPU
		{E5A83502-DD4D-49CB-A99A-5E9E4F331AD0}.Debug|Any CPU.Build.0 = Debug|Any CPU
		{E5A83502-DD4D-49CB-A99A-5E9E4F331AD0}.Release|Any CPU.ActiveCfg = Release|Any CPU
		{E5A83502-DD4D-49CB-A99A-5E9E4F331AD0}.Release|Any CPU.Build.0 = Release|Any CPU
		{8DBFFA34-019D-4010-8D15-73C80BEB47BF}.Debug|Any CPU.ActiveCfg = Debug|Any CPU
		{8DBFFA34-019D-4010-8D15-73C80BEB47BF}.Debug|Any CPU.Build.0 = Debug|Any CPU
		{8DBFFA34-019D-4010-8D15-73C80BEB47BF}.Release|Any CPU.ActiveCfg = Release|Any CPU
		{8DBFFA34-019D-4010-8D15-73C80BEB47BF}.Release|Any CPU.Build.0 = Release|Any CPU
		{8519D4F5-3F30-4EF4-9AF0-E423FDF74BFC}.Debug|Any CPU.ActiveCfg = Debug|Any CPU
		{8519D4F5-3F30-4EF4-9AF0-E423FDF74BFC}.Debug|Any CPU.Build.0 = Debug|Any CPU
		{8519D4F5-3F30-4EF4-9AF0-E423FDF74BFC}.Release|Any CPU.ActiveCfg = Release|Any CPU
		{8519D4F5-3F30-4EF4-9AF0-E423FDF74BFC}.Release|Any CPU.Build.0 = Release|Any CPU
		{B37EA434-C280-42B1-9414-877CD47F50D4}.Debug|Any CPU.ActiveCfg = Debug|Any CPU
		{B37EA434-C280-42B1-9414-877CD47F50D4}.Debug|Any CPU.Build.0 = Debug|Any CPU
		{B37EA434-C280-42B1-9414-877CD47F50D4}.Release|Any CPU.ActiveCfg = Release|Any CPU
		{B37EA434-C280-42B1-9414-877CD47F50D4}.Release|Any CPU.Build.0 = Release|Any CPU
		{FBEA7F53-6B17-4CED-8B99-79333149F293}.Debug|Any CPU.ActiveCfg = Debug|Any CPU
		{FBEA7F53-6B17-4CED-8B99-79333149F293}.Debug|Any CPU.Build.0 = Debug|Any CPU
		{FBEA7F53-6B17-4CED-8B99-79333149F293}.Release|Any CPU.ActiveCfg = Release|Any CPU
		{FBEA7F53-6B17-4CED-8B99-79333149F293}.Release|Any CPU.Build.0 = Release|Any CPU
		{E1A5C6BD-5804-4398-AFEA-4684257CC834}.Debug|Any CPU.ActiveCfg = Debug|Any CPU
		{E1A5C6BD-5804-4398-AFEA-4684257CC834}.Debug|Any CPU.Build.0 = Debug|Any CPU
		{E1A5C6BD-5804-4398-AFEA-4684257CC834}.Release|Any CPU.ActiveCfg = Release|Any CPU
		{E1A5C6BD-5804-4398-AFEA-4684257CC834}.Release|Any CPU.Build.0 = Release|Any CPU
		{71DA65EF-1E68-4002-A2C9-9275005BBEEB}.Debug|Any CPU.ActiveCfg = Debug|Any CPU
		{71DA65EF-1E68-4002-A2C9-9275005BBEEB}.Debug|Any CPU.Build.0 = Debug|Any CPU
		{71DA65EF-1E68-4002-A2C9-9275005BBEEB}.Release|Any CPU.ActiveCfg = Release|Any CPU
		{71DA65EF-1E68-4002-A2C9-9275005BBEEB}.Release|Any CPU.Build.0 = Release|Any CPU
		{CC698DF3-AB45-414D-9060-5CD28E8B4DA8}.Debug|Any CPU.ActiveCfg = Debug|Any CPU
		{CC698DF3-AB45-414D-9060-5CD28E8B4DA8}.Debug|Any CPU.Build.0 = Debug|Any CPU
		{CC698DF3-AB45-414D-9060-5CD28E8B4DA8}.Release|Any CPU.ActiveCfg = Release|Any CPU
		{CC698DF3-AB45-414D-9060-5CD28E8B4DA8}.Release|Any CPU.Build.0 = Release|Any CPU
		{E49B24C6-98FB-4555-B2FE-B62A18C0E38E}.Debug|Any CPU.ActiveCfg = Debug|Any CPU
		{E49B24C6-98FB-4555-B2FE-B62A18C0E38E}.Debug|Any CPU.Build.0 = Debug|Any CPU
		{E49B24C6-98FB-4555-B2FE-B62A18C0E38E}.Release|Any CPU.ActiveCfg = Release|Any CPU
		{E49B24C6-98FB-4555-B2FE-B62A18C0E38E}.Release|Any CPU.Build.0 = Release|Any CPU
		{8E9C4188-5DCD-4192-A1FF-8B82A9BEE46E}.Debug|Any CPU.ActiveCfg = Debug|Any CPU
		{8E9C4188-5DCD-4192-A1FF-8B82A9BEE46E}.Debug|Any CPU.Build.0 = Debug|Any CPU
		{8E9C4188-5DCD-4192-A1FF-8B82A9BEE46E}.Release|Any CPU.ActiveCfg = Release|Any CPU
		{8E9C4188-5DCD-4192-A1FF-8B82A9BEE46E}.Release|Any CPU.Build.0 = Release|Any CPU
		{D9216898-2CD7-4CA5-B6A5-94DF8B36F582}.Debug|Any CPU.ActiveCfg = Debug|Any CPU
		{D9216898-2CD7-4CA5-B6A5-94DF8B36F582}.Debug|Any CPU.Build.0 = Debug|Any CPU
		{D9216898-2CD7-4CA5-B6A5-94DF8B36F582}.Release|Any CPU.ActiveCfg = Release|Any CPU
		{D9216898-2CD7-4CA5-B6A5-94DF8B36F582}.Release|Any CPU.Build.0 = Release|Any CPU
		{2FAAC2C9-AC4F-4B58-95A0-D940B04FF44C}.Debug|Any CPU.ActiveCfg = Debug|Any CPU
		{2FAAC2C9-AC4F-4B58-95A0-D940B04FF44C}.Debug|Any CPU.Build.0 = Debug|Any CPU
		{2FAAC2C9-AC4F-4B58-95A0-D940B04FF44C}.Release|Any CPU.ActiveCfg = Release|Any CPU
		{2FAAC2C9-AC4F-4B58-95A0-D940B04FF44C}.Release|Any CPU.Build.0 = Release|Any CPU
		{A85E3FF1-49B0-4B12-8639-98266FA74AB1}.Debug|Any CPU.ActiveCfg = Debug|Any CPU
		{A85E3FF1-49B0-4B12-8639-98266FA74AB1}.Debug|Any CPU.Build.0 = Debug|Any CPU
		{A85E3FF1-49B0-4B12-8639-98266FA74AB1}.Release|Any CPU.ActiveCfg = Release|Any CPU
		{A85E3FF1-49B0-4B12-8639-98266FA74AB1}.Release|Any CPU.Build.0 = Release|Any CPU
		{C1B52BCA-E43C-408E-8392-90B906FAE53D}.Debug|Any CPU.ActiveCfg = Debug|Any CPU
		{C1B52BCA-E43C-408E-8392-90B906FAE53D}.Debug|Any CPU.Build.0 = Debug|Any CPU
		{C1B52BCA-E43C-408E-8392-90B906FAE53D}.Release|Any CPU.ActiveCfg = Release|Any CPU
		{C1B52BCA-E43C-408E-8392-90B906FAE53D}.Release|Any CPU.Build.0 = Release|Any CPU
	EndGlobalSection
	GlobalSection(SolutionProperties) = preSolution
		HideSolutionNode = FALSE
	EndGlobalSection
	GlobalSection(NestedProjects) = preSolution
		{B37EA434-C280-42B1-9414-877CD47F50D4} = {BC47207D-AF17-43E0-8A86-5026180A219E}
		{FBEA7F53-6B17-4CED-8B99-79333149F293} = {BC47207D-AF17-43E0-8A86-5026180A219E}
		{E5127461-E336-4718-832D-B6CE4A44D883} = {1AE69541-D081-4F4A-8099-815E51469C1E}
		{CC698DF3-AB45-414D-9060-5CD28E8B4DA8} = {E5127461-E336-4718-832D-B6CE4A44D883}
		{E49B24C6-98FB-4555-B2FE-B62A18C0E38E} = {EC7E85B0-F768-4E73-B0DB-9FB6DE1E33CB}
		{8E9C4188-5DCD-4192-A1FF-8B82A9BEE46E} = {EC7E85B0-F768-4E73-B0DB-9FB6DE1E33CB}
		{EC7E85B0-F768-4E73-B0DB-9FB6DE1E33CB} = {4DDEBD08-616C-47FB-AA48-78C94B3B374E}
		{40EA8053-26B7-4AD7-B678-0622794F4B0A} = {4DDEBD08-616C-47FB-AA48-78C94B3B374E}
		{D9216898-2CD7-4CA5-B6A5-94DF8B36F582} = {40EA8053-26B7-4AD7-B678-0622794F4B0A}
		{2FAAC2C9-AC4F-4B58-95A0-D940B04FF44C} = {40EA8053-26B7-4AD7-B678-0622794F4B0A}
		{FB00EA01-D9D1-4CE7-A412-9DEE2C6577F5} = {1AE69541-D081-4F4A-8099-815E51469C1E}
		{A85E3FF1-49B0-4B12-8639-98266FA74AB1} = {FB00EA01-D9D1-4CE7-A412-9DEE2C6577F5}
		{767C79E6-3C6C-4887-8524-84DF95B47C82} = {1AE69541-D081-4F4A-8099-815E51469C1E}
		{C1B52BCA-E43C-408E-8392-90B906FAE53D} = {767C79E6-3C6C-4887-8524-84DF95B47C82}
	EndGlobalSection
	GlobalSection(ExtensibilityGlobals) = postSolution
		SolutionGuid = {B8A04A75-3088-441A-ADDB-9B85626D3916}
	EndGlobalSection
EndGlobal
